
Microsoft Visual Studio Solution File, Format Version 12.00
# Visual Studio Version 17
VisualStudioVersion = 17.13.35913.81 d17.13
MinimumVisualStudioVersion = 10.0.40219.1
Project("{FAE04EC0-301F-11D3-BF4B-00C04F79EFBC}") = "TMDBPosterViewer", "TMDBPosterViewer.csproj", "{BC4F7D43-1619-9132-AC46-D7F00E1DC463}"
EndProject
Global
	GlobalSection(SolutionConfigurationPlatforms) = preSolution
		Debug|Any CPU = Debug|Any CPU
		Release|Any CPU = Release|Any CPU
	EndGlobalSection
	GlobalSection(ProjectConfigurationPlatforms) = postSolution
		{BC4F7D43-1619-9132-AC46-D7F00E1DC463}.Debug|Any CPU.ActiveCfg = Debug|Any CPU
		{BC4F7D43-1619-9132-AC46-D7F00E1DC463}.Debug|Any CPU.Build.0 = Debug|Any CPU
		{BC4F7D43-1619-9132-AC46-D7F00E1DC463}.Release|Any CPU.ActiveCfg = Release|Any CPU
		{BC4F7D43-1619-9132-AC46-D7F00E1DC463}.Release|Any CPU.Build.0 = Release|Any CPU
	EndGlobalSection
	GlobalSection(SolutionProperties) = preSolution
		HideSolutionNode = FALSE
	EndGlobalSection
	GlobalSection(ExtensibilityGlobals) = postSolution
		SolutionGuid = {1F93A291-595D-4214-8A3F-2E36F5E63895}
	EndGlobalSection
EndGlobal
